# THIS IS AN AUTOGENERATED FILE. DO NOT EDIT THIS FILE DIRECTLY.
# yarn lockfile v1


"@iarna/toml@^2.2.5":
  version "2.2.5"
  resolved "https://registry.yarnpkg.com/@iarna/toml/-/toml-2.2.5.tgz#b32366c89b43c6f8cefbdefac778b9c828e3ba8c"
  integrity sha512-trnsAYxU3xnS1gPHPyU961coFyLkh4gAD/0zQ5mymY4yOZ+CYvsPqUbOFSw0aDM4y0tV7tiFxL/1XfXPNC6IPg==

"@miniflare/cache@2.0.0-rc.1":
  version "2.0.0-rc.1"
  resolved "https://registry.yarnpkg.com/@miniflare/cache/-/cache-2.0.0-rc.1.tgz#d30202712510eec3467445687e28ca3dd9cff08b"
  integrity sha512-MhXIpZB7SArmz6EdkR5WgjXgGUux3K+fvnIwmqQaPmongGyrlgw9/TZHl6pxbz/m3u75lDkOt+0s4OK6XQIcbA==
  dependencies:
    "@miniflare/core" "2.0.0-rc.1"
    "@miniflare/shared" "2.0.0-rc.1"
    http-cache-semantics "^4.1.0"
    undici "^4.9.3"

"@miniflare/cli-parser@2.0.0-rc.1":
  version "2.0.0-rc.1"
  resolved "https://registry.yarnpkg.com/@miniflare/cli-parser/-/cli-parser-2.0.0-rc.1.tgz#fb8fb5ef715095428f87131c9452d1b8b842caa1"
  integrity sha512-QH/2ku/FJNhhIdZul++E6albSLqNpNnbQkSfj21nSQcSPbpSfDJVZq4PCsxnpcs74S9GQYIHpr7iKOmwUTQJjw==
  dependencies:
    "@miniflare/shared" "2.0.0-rc.1"
    kleur "^4.1.4"

"@miniflare/core@2.0.0-rc.1":
  version "2.0.0-rc.1"
  resolved "https://registry.yarnpkg.com/@miniflare/core/-/core-2.0.0-rc.1.tgz#12d67ddf832505d6108e35add2eee6523602cdca"
  integrity sha512-VE04Hz9X2JBlmFFOQG0ENZBwW/y4M6sQEnjyaTvTGpXpk1brS8GeKa0kUcMfgIoYWrz8QR4pf/je8Ak/3fHzVw==
  dependencies:
    "@iarna/toml" "^2.2.5"
    "@miniflare/shared" "2.0.0-rc.1"
    busboy "^0.3.1"
    dotenv "^10.0.0"
    kleur "^4.1.4"
    set-cookie-parser "^2.4.8"
    undici "^4.9.3"

"@miniflare/durable-objects@2.0.0-rc.1":
  version "2.0.0-rc.1"
  resolved "https://registry.yarnpkg.com/@miniflare/durable-objects/-/durable-objects-2.0.0-rc.1.tgz#0d5ae3558847bb27631ebf14a69b0aaf3410ce22"
  integrity sha512-GpPK+yY380b0UgURC1QGsFPHDsgonT38bie3HuQJ6JBflbIl4x0JGb/w7aBjjEZ1sqZHEq2R/5wmXAYoG7i1Cw==
  dependencies:
    "@miniflare/core" "2.0.0-rc.1"
    "@miniflare/shared" "2.0.0-rc.1"
    "@miniflare/storage-memory" "2.0.0-rc.1"
    undici "^4.9.3"

"@miniflare/html-rewriter@2.0.0-rc.1":
  version "2.0.0-rc.1"
  resolved "https://registry.yarnpkg.com/@miniflare/html-rewriter/-/html-rewriter-2.0.0-rc.1.tgz#680cd391d56ddede1555ca3376ee6d80561ed3fe"
  integrity sha512-cZ/0hkgbAvrPo0D9tvZ/qmTcBJvEV+2FYRXPZY0J9Aqf/9bELEZoRxrjZGvedYueGnD9ENBvmoz8MIzYc4htNQ==
  dependencies:
    "@miniflare/core" "2.0.0-rc.1"
    "@miniflare/shared" "2.0.0-rc.1"
    html-rewriter-wasm "^0.3.2"
    undici "^4.9.3"

"@miniflare/http-server@2.0.0-rc.1":
  version "2.0.0-rc.1"
  resolved "https://registry.yarnpkg.com/@miniflare/http-server/-/http-server-2.0.0-rc.1.tgz#4f1262679425d910e05f9056c3fe44a3fc68091f"
  integrity sha512-cqYKdV6dWxHVxUGm4sDFVvAEsrFS2Qs4O91GiPzaUJrXdD3kNhaxTqj+MW7+dPkB325FipmN9GG0se3QV0+/Zw==
  dependencies:
    "@miniflare/core" "2.0.0-rc.1"
    "@miniflare/shared" "2.0.0-rc.1"
    "@miniflare/web-sockets" "2.0.0-rc.1"
    kleur "^4.1.4"
    selfsigned "^1.10.11"
    undici "^4.9.3"
    ws "^8.2.2"
    youch "^2.2.2"

"@miniflare/kv@2.0.0-rc.1":
  version "2.0.0-rc.1"
  resolved "https://registry.yarnpkg.com/@miniflare/kv/-/kv-2.0.0-rc.1.tgz#68012434fddae884bbe61319f3531315fc0163e5"
  integrity sha512-oPy2mZQfMxOKCqYPnb3ZOtNk15+TR7R4IEBnwY6/4mnmA2EN6a1wEca66b7b91MgHL/+N+RO3aw8ljY21h/Uug==
  dependencies:
    "@miniflare/shared" "2.0.0-rc.1"

"@miniflare/runner-vm@2.0.0-rc.1":
  version "2.0.0-rc.1"
  resolved "https://registry.yarnpkg.com/@miniflare/runner-vm/-/runner-vm-2.0.0-rc.1.tgz#3ccbab4c42884712e8a6dbd57ab6b15cf989c421"
  integrity sha512-vN4W/MClI1nDo0Sh7Eky5Ap9SOt7DIkctMQE8rK3hL0MZnPpxXhSsVT4baQ7AswKtY7lOp6vnb4/ZY4lgk3UVQ==
  dependencies:
    "@miniflare/shared" "2.0.0-rc.1"

"@miniflare/scheduler@2.0.0-rc.1":
  version "2.0.0-rc.1"
  resolved "https://registry.yarnpkg.com/@miniflare/scheduler/-/scheduler-2.0.0-rc.1.tgz#6c7c303135eb65f58f05b4dab3e9f951c1271a82"
  integrity sha512-ug9Ceg2dIgzvB+x+CNaYMqsI04i2NvvXyDIvXNMKmHW3m9/rtJcwR7R5qw3N4TC9zGUUify+MX0QnXHUZPTLKg==
  dependencies:
    "@miniflare/core" "2.0.0-rc.1"
    "@miniflare/shared" "2.0.0-rc.1"
    cron-schedule "^3.0.4"

"@miniflare/shared@2.0.0-rc.1":
  version "2.0.0-rc.1"
  resolved "https://registry.yarnpkg.com/@miniflare/shared/-/shared-2.0.0-rc.1.tgz#73c0215c788082e22958b75d6a7b23870b885c47"
  integrity sha512-JDoNah0i2dn/kHF30mCv1B0VxZ3a2YE/fRweaMrx8amv9MOXavQnddFS+i0EZMJQwGYk4pPtTbzOCbaKRb1mUA==
  dependencies:
    ignore "^5.1.8"
    kleur "^4.1.4"

"@miniflare/sites@2.0.0-rc.1":
  version "2.0.0-rc.1"
  resolved "https://registry.yarnpkg.com/@miniflare/sites/-/sites-2.0.0-rc.1.tgz#d4d7909ef122033b6d1450bf02b20dd104d69b8d"
  integrity sha512-Ct8fvvv/D0FZ1M4Agc1amJP6XTmTVptxgBBBxAoTigpGMpcjm3GnMz+3hlZbk3lBLt5SKxpb0Aobp/9wOKnLlw==
  dependencies:
    "@miniflare/kv" "2.0.0-rc.1"
    "@miniflare/shared" "2.0.0-rc.1"
    "@miniflare/storage-file" "2.0.0-rc.1"

"@miniflare/storage-file@2.0.0-rc.1":
  version "2.0.0-rc.1"
  resolved "https://registry.yarnpkg.com/@miniflare/storage-file/-/storage-file-2.0.0-rc.1.tgz#bacb5f3bc528ac97794f7cf1f10db00e7e255be7"
  integrity sha512-1lFUzoOpiXJ7zEOfOff/d7RRZGyomE0cFHI/3uyRfhHnyvA+6WNny2jEMNT4YvPkg+Bz9NQQ8LfRegibRCZ6DQ==
  dependencies:
    "@miniflare/shared" "2.0.0-rc.1"
    "@miniflare/storage-memory" "2.0.0-rc.1"

"@miniflare/storage-memory@2.0.0-rc.1":
  version "2.0.0-rc.1"
  resolved "https://registry.yarnpkg.com/@miniflare/storage-memory/-/storage-memory-2.0.0-rc.1.tgz#8a6b793fbcdd2329e462fb037389334acdcbc3e2"
  integrity sha512-s0pk+YOYspy/cLVvWxn0WGSK7Tq8RrUYW2LZ/DpUl5i0+LfpeYbsXvmVDHyii7VRx8VmBTrooUE/905EBxLCtA==
  dependencies:
    "@miniflare/shared" "2.0.0-rc.1"

"@miniflare/watcher@2.0.0-rc.1":
  version "2.0.0-rc.1"
  resolved "https://registry.yarnpkg.com/@miniflare/watcher/-/watcher-2.0.0-rc.1.tgz#c23d8cd855fa2b2fd79b7c24cd71f97dcde771ba"
  integrity sha512-cFMlxeNDlK6jkyKKPLYKTdpUqP7Oaon3IE+TikLyjdoBVkx3s7aNzuCe3A3No1lYHWS/mOhify2hcFxI9mel8Q==
  dependencies:
    "@miniflare/shared" "2.0.0-rc.1"

"@miniflare/web-sockets@2.0.0-rc.1":
  version "2.0.0-rc.1"
  resolved "https://registry.yarnpkg.com/@miniflare/web-sockets/-/web-sockets-2.0.0-rc.1.tgz#b5678f803d017c05ebdfff58c65f11a7859ba6b1"
  integrity sha512-3cmRyjUjN80qHxK29dTML914YTA/yVAXmInw7JNvv3vUKbbbx+Gc5sXCeY8FQ2wBYy8XPVN+oJqYyvGwFgMOjg==
  dependencies:
    "@miniflare/core" "2.0.0-rc.1"
    "@miniflare/shared" "2.0.0-rc.1"
    undici "^4.9.3"
    ws "^8.2.2"

"@types/stack-trace@0.0.29":
  version "0.0.29"
  resolved "https://registry.yarnpkg.com/@types/stack-trace/-/stack-trace-0.0.29.tgz#eb7a7c60098edb35630ed900742a5ecb20cfcb4d"
  integrity sha512-TgfOX+mGY/NyNxJLIbDWrO9DjGoVSW9+aB8H2yy1fy32jsvxijhmyJI9fDFgvz3YP4lvJaq9DzdR/M1bOgVc9g==

buffer-from@^1.0.0:
  version "1.1.2"
  resolved "https://registry.yarnpkg.com/buffer-from/-/buffer-from-1.1.2.tgz#2b146a6fd72e80b4f55d255f35ed59a3a9a41bd5"
  integrity sha512-E+XQCRwSbaaiChtv6k6Dwgc+bx+Bs6vuKJHHl5kox/BaKbhiXzqQOwK4cO22yElGp2OCmjwVhT3HmxgyPGnJfQ==

busboy@^0.3.1:
  version "0.3.1"
  resolved "https://registry.yarnpkg.com/busboy/-/busboy-0.3.1.tgz#170899274c5bf38aae27d5c62b71268cd585fd1b"
  integrity sha512-y7tTxhGKXcyBxRKAni+awqx8uqaJKrSFSNFSeRG5CsWNdmy2BIK+6VGWEW7TZnIO/533mtMEA4rOevQV815YJw==
  dependencies:
    dicer "0.3.0"

cookie@^0.4.1:
  version "0.4.1"
  resolved "https://registry.yarnpkg.com/cookie/-/cookie-0.4.1.tgz#afd713fe26ebd21ba95ceb61f9a8116e50a537d1"
  integrity sha512-ZwrFkGJxUR3EIoXtO+yVE69Eb7KlixbaeAWfBQB9vVsNn/o+Yw69gBWSSDK825hQNdN+wF8zELf3dFNl/kxkUA==

cron-schedule@^3.0.4:
  version "3.0.4"
  resolved "https://registry.yarnpkg.com/cron-schedule/-/cron-schedule-3.0.4.tgz#9d3c3b6ed9069a77856b287f70ab47da271c14e3"
  integrity sha512-wEspID2dNPfWyh7t2ZvE4Izunzk20QacZg8oZcqfTrN1j5kImj0CEYT3ZGZo+KqGQUgRc9tKlEJmY4uFVt4ccA==

dicer@0.3.0:
  version "0.3.0"
  resolved "https://registry.yarnpkg.com/dicer/-/dicer-0.3.0.tgz#eacd98b3bfbf92e8ab5c2fdb71aaac44bb06b872"
  integrity sha512-MdceRRWqltEG2dZqO769g27N/3PXfcKl04VhYnBlo2YhH7zPi88VebsjTKclaOyiuMaGU72hTfw3VkUitGcVCA==
  dependencies:
    streamsearch "0.1.2"

dotenv@^10.0.0:
  version "10.0.0"
  resolved "https://registry.yarnpkg.com/dotenv/-/dotenv-10.0.0.tgz#3d4227b8fb95f81096cdd2b66653fb2c7085ba81"
  integrity sha512-rlBi9d8jpv9Sf1klPjNfFAuWDjKLwTIJJ/VxtoTwIR6hnZxcEOQCZg2oIL3MWBYw5GpUDKOEnND7LXTbIpQ03Q==

esbuild-android-arm64@0.13.12:
  version "0.13.12"
  resolved "https://registry.yarnpkg.com/esbuild-android-arm64/-/esbuild-android-arm64-0.13.12.tgz#e1f199dc05405cdc6670c00fb6c793822bf8ae4c"
  integrity sha512-TSVZVrb4EIXz6KaYjXfTzPyyRpXV5zgYIADXtQsIenjZ78myvDGaPi11o4ZSaHIwFHsuwkB6ne5SZRBwAQ7maw==

esbuild-darwin-64@0.13.12:
  version "0.13.12"
  resolved "https://registry.yarnpkg.com/esbuild-darwin-64/-/esbuild-darwin-64-0.13.12.tgz#f5c59e622955c01f050e5a7ac9c1d41db714b94d"
  integrity sha512-c51C+N+UHySoV2lgfWSwwmlnLnL0JWj/LzuZt9Ltk9ub1s2Y8cr6SQV5W3mqVH1egUceew6KZ8GyI4nwu+fhsw==

esbuild-darwin-arm64@0.13.12:
  version "0.13.12"
  resolved "https://registry.yarnpkg.com/esbuild-darwin-arm64/-/esbuild-darwin-arm64-0.13.12.tgz#8abae74c2956a8aa568fc52c78829338c4a4b988"
  integrity sha512-JvAMtshP45Hd8A8wOzjkY1xAnTKTYuP/QUaKp5eUQGX+76GIie3fCdUUr2ZEKdvpSImNqxiZSIMziEiGB5oUmQ==

esbuild-freebsd-64@0.13.12:
  version "0.13.12"
  resolved "https://registry.yarnpkg.com/esbuild-freebsd-64/-/esbuild-freebsd-64-0.13.12.tgz#6ad2ab8c0364ee7dd2d6e324d876a8e60ae75d12"
  integrity sha512-r6On/Skv9f0ZjTu6PW5o7pdXr8aOgtFOEURJZYf1XAJs0IQ+gW+o1DzXjVkIoT+n1cm3N/t1KRJfX71MPg/ZUA==

esbuild-freebsd-arm64@0.13.12:
  version "0.13.12"
  resolved "https://registry.yarnpkg.com/esbuild-freebsd-arm64/-/esbuild-freebsd-arm64-0.13.12.tgz#6f38155f4c300ac4c8adde1fde3cc6a4440a8294"
  integrity sha512-F6LmI2Q1gii073kmBE3NOTt/6zLL5zvZsxNLF8PMAwdHc+iBhD1vzfI8uQZMJA1IgXa3ocr3L3DJH9fLGXy6Yw==

esbuild-linux-32@0.13.12:
  version "0.13.12"
  resolved "https://registry.yarnpkg.com/esbuild-linux-32/-/esbuild-linux-32-0.13.12.tgz#b1d15e330188a8c21de75c3f0058628a3eefade7"
  integrity sha512-U1UZwG3UIwF7/V4tCVAo/nkBV9ag5KJiJTt+gaCmLVWH3bPLX7y+fNlhIWZy8raTMnXhMKfaTvWZ9TtmXzvkuQ==

esbuild-linux-64@0.13.12:
  version "0.13.12"
  resolved "https://registry.yarnpkg.com/esbuild-linux-64/-/esbuild-linux-64-0.13.12.tgz#25bd64b66162b02348e32d8f12e4c9ee61f1d070"
  integrity sha512-YpXSwtu2NxN3N4ifJxEdsgd6Q5d8LYqskrAwjmoCT6yQnEHJSF5uWcxv783HWN7lnGpJi9KUtDvYsnMdyGw71Q==

esbuild-linux-arm64@0.13.12:
  version "0.13.12"
  resolved "https://registry.yarnpkg.com/esbuild-linux-arm64/-/esbuild-linux-arm64-0.13.12.tgz#ba582298457cc5c9ac823a275de117620c06537f"
  integrity sha512-sgDNb8kb3BVodtAlcFGgwk+43KFCYjnFOaOfJibXnnIojNWuJHpL6aQJ4mumzNWw8Rt1xEtDQyuGK9f+Y24jGA==

esbuild-linux-arm@0.13.12:
  version "0.13.12"
  resolved "https://registry.yarnpkg.com/esbuild-linux-arm/-/esbuild-linux-arm-0.13.12.tgz#6bc81c957bff22725688cc6359c29a25765be09b"
  integrity sha512-SyiT/JKxU6J+DY2qUiSLZJqCAftIt3uoGejZ0HDnUM2MGJqEGSGh7p1ecVL2gna3PxS4P+j6WAehCwgkBPXNIw==

esbuild-linux-mips64le@0.13.12:
  version "0.13.12"
  resolved "https://registry.yarnpkg.com/esbuild-linux-mips64le/-/esbuild-linux-mips64le-0.13.12.tgz#ef3c4aba3e585d847cbade5945a8b4a5c62c7ce2"
  integrity sha512-qQJHlZBG+QwVIA8AbTEtbvF084QgDi4DaUsUnA+EolY1bxrG+UyOuGflM2ZritGhfS/k7THFjJbjH2wIeoKA2g==

esbuild-linux-ppc64le@0.13.12:
  version "0.13.12"
  resolved "https://registry.yarnpkg.com/esbuild-linux-ppc64le/-/esbuild-linux-ppc64le-0.13.12.tgz#a21fb64e80c38bef06122e48283990fc6db578e1"
  integrity sha512-2dSnm1ldL7Lppwlo04CGQUpwNn5hGqXI38OzaoPOkRsBRWFBozyGxTFSee/zHFS+Pdh3b28JJbRK3owrrRgWNw==

esbuild-netbsd-64@0.13.12:
  version "0.13.12"
  resolved "https://registry.yarnpkg.com/esbuild-netbsd-64/-/esbuild-netbsd-64-0.13.12.tgz#1ea7fc8cfce88a20a4047b867ef184049a6641ae"
  integrity sha512-D4raxr02dcRiQNbxOLzpqBzcJNFAdsDNxjUbKkDMZBkL54Z0vZh4LRndycdZAMcIdizC/l/Yp/ZsBdAFxc5nbA==

esbuild-openbsd-64@0.13.12:
  version "0.13.12"
  resolved "https://registry.yarnpkg.com/esbuild-openbsd-64/-/esbuild-openbsd-64-0.13.12.tgz#adde32f2f1b05dc4bd4fc544d6ea5a4379f9ca4d"
  integrity sha512-KuLCmYMb2kh05QuPJ+va60bKIH5wHL8ypDkmpy47lzwmdxNsuySeCMHuTv5o2Af1RUn5KLO5ZxaZeq4GEY7DaQ==

esbuild-sunos-64@0.13.12:
  version "0.13.12"
  resolved "https://registry.yarnpkg.com/esbuild-sunos-64/-/esbuild-sunos-64-0.13.12.tgz#a7ecaf52b7364fbee76dc8aa707fa3e1cff3342c"
  integrity sha512-jBsF+e0woK3miKI8ufGWKG3o3rY9DpHvCVRn5eburMIIE+2c+y3IZ1srsthKyKI6kkXLvV4Cf/E7w56kLipMXw==

esbuild-windows-32@0.13.12:
  version "0.13.12"
  resolved "https://registry.yarnpkg.com/esbuild-windows-32/-/esbuild-windows-32-0.13.12.tgz#a8756033dc905c4b7bea19be69f7ee68809f8770"
  integrity sha512-L9m4lLFQrFeR7F+eLZXG82SbXZfUhyfu6CexZEil6vm+lc7GDCE0Q8DiNutkpzjv1+RAbIGVva9muItQ7HVTkQ==

esbuild-windows-64@0.13.12:
  version "0.13.12"
  resolved "https://registry.yarnpkg.com/esbuild-windows-64/-/esbuild-windows-64-0.13.12.tgz#ae694aa66ca078acb8509b2da31197ed1f40f798"
  integrity sha512-k4tX4uJlSbSkfs78W5d9+I9gpd+7N95W7H2bgOMFPsYREVJs31+Q2gLLHlsnlY95zBoPQMIzHooUIsixQIBjaQ==

esbuild-windows-arm64@0.13.12:
  version "0.13.12"
  resolved "https://registry.yarnpkg.com/esbuild-windows-arm64/-/esbuild-windows-arm64-0.13.12.tgz#782c5a8bd6d717ea55aaafe648f9926ca36a4a88"
  integrity sha512-2tTv/BpYRIvuwHpp2M960nG7uvL+d78LFW/ikPItO+2GfK51CswIKSetSpDii+cjz8e9iSPgs+BU4o8nWICBwQ==

esbuild@0.13.12:
  version "0.13.12"
  resolved "https://registry.yarnpkg.com/esbuild/-/esbuild-0.13.12.tgz#9cac641594bf03cf34145258c093d743ebbde7ca"
  integrity sha512-vTKKUt+yoz61U/BbrnmlG9XIjwpdIxmHB8DlPR0AAW6OdS+nBQBci6LUHU2q9WbBobMEIQxxDpKbkmOGYvxsow==
  optionalDependencies:
    esbuild-android-arm64 "0.13.12"
    esbuild-darwin-64 "0.13.12"
    esbuild-darwin-arm64 "0.13.12"
    esbuild-freebsd-64 "0.13.12"
    esbuild-freebsd-arm64 "0.13.12"
    esbuild-linux-32 "0.13.12"
    esbuild-linux-64 "0.13.12"
    esbuild-linux-arm "0.13.12"
    esbuild-linux-arm64 "0.13.12"
    esbuild-linux-mips64le "0.13.12"
    esbuild-linux-ppc64le "0.13.12"
    esbuild-netbsd-64 "0.13.12"
    esbuild-openbsd-64 "0.13.12"
    esbuild-sunos-64 "0.13.12"
    esbuild-windows-32 "0.13.12"
    esbuild-windows-64 "0.13.12"
    esbuild-windows-arm64 "0.13.12"

fsevents@~2.3.2:
  version "2.3.2"
  resolved "https://registry.yarnpkg.com/fsevents/-/fsevents-2.3.2.tgz#8a526f78b8fdf4623b709e0b975c52c24c02fd1a"
  integrity sha512-xiqMQR4xAeHTuB9uWm+fFRcIOgKBMiOBP+eXiyT7jsgVCq1bkVygt00oASowB7EdtpOHaaPgKt812P9ab+DDKA==

html-rewriter-wasm@^0.3.2:
  version "0.3.2"
  resolved "https://registry.yarnpkg.com/html-rewriter-wasm/-/html-rewriter-wasm-0.3.2.tgz#6bfa58f769b5866a7dc420879c0c7e7575c3b54a"
  integrity sha512-b+pOh+bs00uRVNIZoTgGBREjUKN47pchTNwkxKuP4ecQTFcOA6KJIW+jjvjjXrkSRURZsideLxFKqX7hnxdegQ==

http-cache-semantics@^4.1.0:
  version "4.1.0"
  resolved "https://registry.yarnpkg.com/http-cache-semantics/-/http-cache-semantics-4.1.0.tgz#49e91c5cbf36c9b94bcfcd71c23d5249ec74e390"
  integrity sha512-carPklcUh7ROWRK7Cv27RPtdhYhUsela/ue5/jKzjegVvXDqM2ILE9Q2BGn9JZJh1g87cp56su/FgQSzcWS8cQ==

ignore@^5.1.8:
  version "5.1.9"
  resolved "https://registry.yarnpkg.com/ignore/-/ignore-5.1.9.tgz#9ec1a5cbe8e1446ec60d4420060d43aa6e7382fb"
  integrity sha512-2zeMQpbKz5dhZ9IwL0gbxSW5w0NK/MSAMtNuhgIHEPmaU3vPdKPL0UdvUCXs5SS4JAwsBxysK5sFMW8ocFiVjQ==

kleur@^4.1.4:
  version "4.1.4"
  resolved "https://registry.yarnpkg.com/kleur/-/kleur-4.1.4.tgz#8c202987d7e577766d039a8cd461934c01cda04d"
  integrity sha512-8QADVssbrFjivHWQU7KkMgptGTl6WAcSdlbBPY4uNF+mWr6DGcKrvY2w4FQJoXch7+fKMjj0dRrL75vk3k23OA==

miniflare@2.0.0-rc.1:
  version "2.0.0-rc.1"
  resolved "https://registry.yarnpkg.com/miniflare/-/miniflare-2.0.0-rc.1.tgz#c39015f10ec82d4a2b597073bdd03e7d10335485"
  integrity sha512-KsB+/GustBfGBySjIjwyLoriluf3mntbqEcXwg5RTlg68q3px09F/hGr1dJY3YD21ieeKBGbQFUNll9nVXh5nw==
  dependencies:
    "@miniflare/cache" "2.0.0-rc.1"
    "@miniflare/cli-parser" "2.0.0-rc.1"
    "@miniflare/core" "2.0.0-rc.1"
    "@miniflare/durable-objects" "2.0.0-rc.1"
    "@miniflare/html-rewriter" "2.0.0-rc.1"
    "@miniflare/http-server" "2.0.0-rc.1"
    "@miniflare/kv" "2.0.0-rc.1"
    "@miniflare/runner-vm" "2.0.0-rc.1"
    "@miniflare/scheduler" "2.0.0-rc.1"
    "@miniflare/shared" "2.0.0-rc.1"
    "@miniflare/sites" "2.0.0-rc.1"
    "@miniflare/storage-file" "2.0.0-rc.1"
    "@miniflare/storage-memory" "2.0.0-rc.1"
    "@miniflare/watcher" "2.0.0-rc.1"
    "@miniflare/web-sockets" "2.0.0-rc.1"
    kleur "^4.1.4"
    semiver "^1.1.0"
    source-map-support "^0.5.20"
    undici "^4.9.3"

mustache@^4.2.0:
  version "4.2.0"
  resolved "https://registry.yarnpkg.com/mustache/-/mustache-4.2.0.tgz#e5892324d60a12ec9c2a73359edca52972bf6f64"
  integrity sha512-71ippSywq5Yb7/tVYyGbkBggbU8H3u5Rz56fH60jGFgr8uHwxs+aSKeqmluIVzM0m0kB7xQjKS6qPfd0b2ZoqQ==

node-forge@^0.10.0:
  version "0.10.0"
  resolved "https://registry.yarnpkg.com/node-forge/-/node-forge-0.10.0.tgz#32dea2afb3e9926f02ee5ce8794902691a676bf3"
  integrity sha512-PPmu8eEeG9saEUvI97fm4OYxXVB6bFvyNTyiUOBichBpFG8A1Ljw3bY62+5oOjDEMHRnd0Y7HQ+x7uzxOzC6JA==

selfsigned@^1.10.11:
  version "1.10.11"
  resolved "https://registry.yarnpkg.com/selfsigned/-/selfsigned-1.10.11.tgz#24929cd906fe0f44b6d01fb23999a739537acbe9"
  integrity sha512-aVmbPOfViZqOZPgRBT0+3u4yZFHpmnIghLMlAcb5/xhp5ZtB/RVnKhz5vl2M32CLXAqR4kha9zfhNg0Lf/sxKA==
  dependencies:
    node-forge "^0.10.0"

semiver@^1.1.0:
  version "1.1.0"
  resolved "https://registry.yarnpkg.com/semiver/-/semiver-1.1.0.tgz#9c97fb02c21c7ce4fcf1b73e2c7a24324bdddd5f"
  integrity sha512-QNI2ChmuioGC1/xjyYwyZYADILWyW6AmS1UH6gDj/SFUUUS4MBAWs/7mxnkRPc/F4iHezDP+O8t0dO8WHiEOdg==

sentiment@^5.0.2:
  version "5.0.2"
  resolved "https://registry.yarnpkg.com/sentiment/-/sentiment-5.0.2.tgz#01e4396d9b5b17b1176f16c9d1a8be87b16cc1d6"
  integrity sha512-ZeC3y0JsOYTdwujt5uOd7ILJNilbgFzUtg/LEG4wUv43LayFNLZ28ec8+Su+h3saHlJmIwYxBzfDHHZuiMA15g==

set-cookie-parser@^2.4.8:
  version "2.4.8"
  resolved "https://registry.yarnpkg.com/set-cookie-parser/-/set-cookie-parser-2.4.8.tgz#d0da0ed388bc8f24e706a391f9c9e252a13c58b2"
  integrity sha512-edRH8mBKEWNVIVMKejNnuJxleqYE/ZSdcT8/Nem9/mmosx12pctd80s2Oy00KNZzrogMZS5mauK2/ymL1bvlvg==

source-map-support@^0.5.20:
  version "0.5.20"
  resolved "https://registry.yarnpkg.com/source-map-support/-/source-map-support-0.5.20.tgz#12166089f8f5e5e8c56926b377633392dd2cb6c9"
  integrity sha512-n1lZZ8Ve4ksRqizaBQgxXDgKwttHDhyfQjA6YZZn8+AroHbsIz+JjwxQDxbp+7y5OYCI8t1Yk7etjD9CRd2hIw==
  dependencies:
    buffer-from "^1.0.0"
    source-map "^0.6.0"

source-map@^0.6.0:
  version "0.6.1"
  resolved "https://registry.yarnpkg.com/source-map/-/source-map-0.6.1.tgz#74722af32e9614e9c287a8d0bbde48b5e2f1a263"
  integrity sha512-UjgapumWlbMhkBgzT7Ykc5YXUT46F0iKu8SGXq0bcwP5dz/h0Plj6enJqjz1Zbq2l5WaqYnrVbwWOWMyF3F47g==

stack-trace@0.0.10:
  version "0.0.10"
  resolved "https://registry.yarnpkg.com/stack-trace/-/stack-trace-0.0.10.tgz#547c70b347e8d32b4e108ea1a2a159e5fdde19c0"
  integrity sha1-VHxws0fo0ytOEI6hoqFZ5f3eGcA=

streamsearch@0.1.2:
  version "0.1.2"
  resolved "https://registry.yarnpkg.com/streamsearch/-/streamsearch-0.1.2.tgz#808b9d0e56fc273d809ba57338e929919a1a9f1a"
  integrity sha1-gIudDlb8Jz2Am6VzOOkpkZoanxo=

undici@^4.9.3:
  version "4.10.0"
  resolved "https://registry.yarnpkg.com/undici/-/undici-4.10.0.tgz#f2684de9cbe2ab0a85a477ce0ec59b739be4438d"
  integrity sha512-W7NwyQzfiSYIZ+maOvz/u9tPFyAYhstF9XhtohK7txvD1jg41oatcHVq6Zls81LhzGvh4BN5WpQGuMiT4IipoA==

wrangler@^0.0.0-fsw-beta.4:
  version "0.0.0-fsw-beta.4"
  resolved "https://registry.yarnpkg.com/wrangler/-/wrangler-0.0.0-fsw-beta.4.tgz#53f74fa3f5e82801155c100bb1f6441b9f834120"
  integrity sha512-Nl+ZXke0YlehVCPfiwr9o59c9oRNT2xJDnU5xWAF64NvQk6KIHSKTMlKezAzwmiimeX7HsYxfgDIZlDT5AM8PA==
  dependencies:
    esbuild "0.13.12"
    miniflare "2.0.0-rc.1"
    semiver "^1.1.0"
  optionalDependencies:
    fsevents "~2.3.2"

ws@^8.2.2:
  version "8.2.3"
  resolved "https://registry.yarnpkg.com/ws/-/ws-8.2.3.tgz#63a56456db1b04367d0b721a0b80cae6d8becbba"
  integrity sha512-wBuoj1BDpC6ZQ1B7DWQBYVLphPWkm8i9Y0/3YdHjHKHiohOJ1ws+3OccDWtH+PoC9DZD5WOTrJvNbWvjS6JWaA==

youch@^2.2.2:
  version "2.2.2"
  resolved "https://registry.yarnpkg.com/youch/-/youch-2.2.2.tgz#cb87a359a5c524ebd35eb07ca3a1521dbc7e1a3e"
  integrity sha512-/FaCeG3GkuJwaMR34GHVg0l8jCbafZLHiFowSjqLlqhC6OMyf2tPJBu8UirF7/NI9X/R5ai4QfEKUCOxMAGxZQ==
  dependencies:
    "@types/stack-trace" "0.0.29"
    cookie "^0.4.1"
    mustache "^4.2.0"
    stack-trace "0.0.10"
